
Microsoft Visual Studio Solution File, Format Version 12.00
# Visual Studio 14
VisualStudioVersion = 14.0.25420.1
MinimumVisualStudioVersion = 10.0.40219.1
Project("{FAE04EC0-301F-11D3-BF4B-00C04F79EFBC}") = "TeduShop.Common", "TeduShop.Common\TeduShop.Common.csproj", "{8DA1D309-8B85-4B98-A216-61BAA318230B}"
EndProject
Project("{FAE04EC0-301F-11D3-BF4B-00C04F79EFBC}") = "TeduShop.Data", "TeduShop.Data\TeduShop.Data.csproj", "{DBA8709B-E9A6-4C52-892F-EB74D6E7B25C}"
EndProject
Project("{FAE04EC0-301F-11D3-BF4B-00C04F79EFBC}") = "TeduShop.Model", "TeduShop.Model\TeduShop.Model.csproj", "{EEF353BA-2C62-45B2-97E7-F7B8392FE758}"
EndProject
Project("{FAE04EC0-301F-11D3-BF4B-00C04F79EFBC}") = "TeduShop.Service", "TeduShop.Service\TeduShop.Service.csproj", "{32A3190B-6D36-4EA2-A06A-6F115E487D56}"
EndProject
Project("{FAE04EC0-301F-11D3-BF4B-00C04F79EFBC}") = "TeduShop.UnitTest", "TeduShop.UnitTest\TeduShop.UnitTest.csproj", "{D781BC2F-37BC-43E7-98ED-6EC8E7DE68C2}"
EndProject
Project("{FAE04EC0-301F-11D3-BF4B-00C04F79EFBC}") = "TeduShop.Web", "TeduShop.Web\TeduShop.Web.csproj", "{3BAD3696-B596-40B8-9C38-400B1F72E88F}"
EndProject
Global
	GlobalSection(SolutionConfigurationPlatforms) = preSolution
		Debug|Any CPU = Debug|Any CPU
		Release|Any CPU = Release|Any CPU
	EndGlobalSection
	GlobalSection(ProjectConfigurationPlatforms) = postSolution
		{8DA1D309-8B85-4B98-A216-61BAA318230B}.Debug|Any CPU.ActiveCfg = Debug|Any CPU
		{8DA1D309-8B85-4B98-A216-61BAA318230B}.Debug|Any CPU.Build.0 = Debug|Any CPU
		{8DA1D309-8B85-4B98-A216-61BAA318230B}.Release|Any CPU.ActiveCfg = Release|Any CPU
		{8DA1D309-8B85-4B98-A216-61BAA318230B}.Release|Any CPU.Build.0 = Release|Any CPU
		{DBA8709B-E9A6-4C52-892F-EB74D6E7B25C}.Debug|Any CPU.ActiveCfg = Debug|Any CPU
		{DBA8709B-E9A6-4C52-892F-EB74D6E7B25C}.Debug|Any CPU.Build.0 = Debug|Any CPU
		{DBA8709B-E9A6-4C52-892F-EB74D6E7B25C}.Release|Any CPU.ActiveCfg = Release|Any CPU
		{DBA8709B-E9A6-4C52-892F-EB74D6E7B25C}.Release|Any CPU.Build.0 = Release|Any CPU
		{EEF353BA-2C62-45B2-97E7-F7B8392FE758}.Debug|Any CPU.ActiveCfg = Debug|Any CPU
		{EEF353BA-2C62-45B2-97E7-F7B8392FE758}.Debug|Any CPU.Build.0 = Debug|Any CPU
		{EEF353BA-2C62-45B2-97E7-F7B8392FE758}.Release|Any CPU.ActiveCfg = Release|Any CPU
		{EEF353BA-2C62-45B2-97E7-F7B8392FE758}.Release|Any CPU.Build.0 = Release|Any CPU
		{32A3190B-6D36-4EA2-A06A-6F115E487D56}.Debug|Any CPU.ActiveCfg = Debug|Any CPU
		{32A3190B-6D36-4EA2-A06A-6F115E487D56}.Debug|Any CPU.Build.0 = Debug|Any CPU
		{32A3190B-6D36-4EA2-A06A-6F115E487D56}.Release|Any CPU.ActiveCfg = Release|Any CPU
		{32A3190B-6D36-4EA2-A06A-6F115E487D56}.Release|Any CPU.Build.0 = Release|Any CPU
		{D781BC2F-37BC-43E7-98ED-6EC8E7DE68C2}.Debug|Any CPU.ActiveCfg = Debug|Any CPU
		{D781BC2F-37BC-43E7-98ED-6EC8E7DE68C2}.Debug|Any CPU.Build.0 = Debug|Any CPU
		{D781BC2F-37BC-43E7-98ED-6EC8E7DE68C2}.Release|Any CPU.ActiveCfg = Release|Any CPU
		{D781BC2F-37BC-43E7-98ED-6EC8E7DE68C2}.Release|Any CPU.Build.0 = Release|Any CPU
		{3BAD3696-B596-40B8-9C38-400B1F72E88F}.Debug|Any CPU.ActiveCfg = Debug|Any CPU
		{3BAD3696-B596-40B8-9C38-400B1F72E88F}.Debug|Any CPU.Build.0 = Debug|Any CPU
		{3BAD3696-B596-40B8-9C38-400B1F72E88F}.Release|Any CPU.ActiveCfg = Release|Any CPU
		{3BAD3696-B596-40B8-9C38-400B1F72E88F}.Release|Any CPU.Build.0 = Release|Any CPU
	EndGlobalSection
	GlobalSection(SolutionProperties) = preSolution
		HideSolutionNode = FALSE
	EndGlobalSection
EndGlobal
